// !$*UTF8*$!
{
	archiveVersion = 1;
	classes = {
	};
	objectVersion = 46;
	objects = {

/* Begin PBXBuildFile section */
		F8B4196018F7B21100EA8277 /* Foundation.framework in Frameworks */ = {isa = PBXBuildFile; fileRef = F8B4195F18F7B21100EA8277 /* Foundation.framework */; };
		F8B4196218F7B21100EA8277 /* CoreGraphics.framework in Frameworks */ = {isa = PBXBuildFile; fileRef = F8B4196118F7B21100EA8277 /* CoreGraphics.framework */; };
		F8B4196418F7B21100EA8277 /* UIKit.framework in Frameworks */ = {isa = PBXBuildFile; fileRef = F8B4196318F7B21100EA8277 /* UIKit.framework */; };
		F8B4196A18F7B21100EA8277 /* InfoPlist.strings in Resources */ = {isa = PBXBuildFile; fileRef = F8B4196818F7B21100EA8277 /* InfoPlist.strings */; };
		F8B4196C18F7B21100EA8277 /* main.m in Sources */ = {isa = PBXBuildFile; fileRef = F8B4196B18F7B21100EA8277 /* main.m */; };
		F8B4197018F7B21100EA8277 /* AppDelegate.m in Sources */ = {isa = PBXBuildFile; fileRef = F8B4196F18F7B21100EA8277 /* AppDelegate.m */; };
		F8B4197318F7B21100EA8277 /* Main.storyboard in Resources */ = {isa = PBXBuildFile; fileRef = F8B4197118F7B21100EA8277 /* Main.storyboard */; };
		F8B4197618F7B21100EA8277 /* ViewController.m in Sources */ = {isa = PBXBuildFile; fileRef = F8B4197518F7B21100EA8277 /* ViewController.m */; };
		F8B4197818F7B21100EA8277 /* Images.xcassets in Resources */ = {isa = PBXBuildFile; fileRef = F8B4197718F7B21100EA8277 /* Images.xcassets */; };
		F8B4197F18F7B21100EA8277 /* XCTest.framework in Frameworks */ = {isa = PBXBuildFile; fileRef = F8B4197E18F7B21100EA8277 /* XCTest.framework */; };
		F8B4198018F7B21100EA8277 /* Foundation.framework in Frameworks */ = {isa = PBXBuildFile; fileRef = F8B4195F18F7B21100EA8277 /* Foundation.framework */; };
		F8B4198118F7B21100EA8277 /* UIKit.framework in Frameworks */ = {isa = PBXBuildFile; fileRef = F8B4196318F7B21100EA8277 /* UIKit.framework */; };
		F8B4198918F7B21100EA8277 /* InfoPlist.strings in Resources */ = {isa = PBXBuildFile; fileRef = F8B4198718F7B21100EA8277 /* InfoPlist.strings */; };
		F8B4198B18F7B21100EA8277 /* sidePanelTests.m in Sources */ = {isa = PBXBuildFile; fileRef = F8B4198A18F7B21100EA8277 /* sidePanelTests.m */; };
/* End PBXBuildFile section */

/* Begin PBXContainerItemProxy section */
		F8B4198218F7B21100EA8277 /* PBXContainerItemProxy */ = {
			isa = PBXContainerItemProxy;
			containerPortal = F8B4195418F7B21100EA8277 /* Project object */;
			proxyType = 1;
			remoteGlobalIDString = F8B4195B18F7B21100EA8277;
			remoteInfo = sidePanel;
		};
/* End PBXContainerItemProxy section */

/* Begin PBXFileReference section */
		F8B4195C18F7B21100EA8277 /* sidePanel.app */ = {isa = PBXFileReference; explicitFileType = wrapper.application; includeInIndex = 0; path = sidePanel.app; sourceTree = BUILT_PRODUCTS_DIR; };
		F8B4195F18F7B21100EA8277 /* Foundation.framework */ = {isa = PBXFileReference; lastKnownFileType = wrapper.framework; name = Foundation.framework; path = System/Library/Frameworks/Foundation.framework; sourceTree = SDKROOT; };
		F8B4196118F7B21100EA8277 /* CoreGraphics.framework */ = {isa = PBXFileReference; lastKnownFileType = wrapper.framework; name = CoreGraphics.framework; path = System/Library/Frameworks/CoreGraphics.framework; sourceTree = SDKROOT; };
		F8B4196318F7B21100EA8277 /* UIKit.framework */ = {isa = PBXFileReference; lastKnownFileType = wrapper.framework; name = UIKit.framework; path = System/Library/Frameworks/UIKit.framework; sourceTree = SDKROOT; };
		F8B4196718F7B21100EA8277 /* sidePanel-Info.plist */ = {isa = PBXFileReference; lastKnownFileType = text.plist.xml; path = "sidePanel-Info.plist"; sourceTree = "<group>"; };
		F8B4196918F7B21100EA8277 /* en */ = {isa = PBXFileReference; lastKnownFileType = text.plist.strings; name = en; path = en.lproj/InfoPlist.strings; sourceTree = "<group>"; };
		F8B4196B18F7B21100EA8277 /* main.m */ = {isa = PBXFileReference; lastKnownFileType = sourcecode.c.objc; path = main.m; sourceTree = "<group>"; };
		F8B4196D18F7B21100EA8277 /* sidePanel-Prefix.pch */ = {isa = PBXFileReference; lastKnownFileType = sourcecode.c.h; path = "sidePanel-Prefix.pch"; sourceTree = "<group>"; };
		F8B4196E18F7B21100EA8277 /* AppDelegate.h */ = {isa = PBXFileReference; lastKnownFileType = sourcecode.c.h; path = AppDelegate.h; sourceTree = "<group>"; };
		F8B4196F18F7B21100EA8277 /* AppDelegate.m */ = {isa = PBXFileReference; lastKnownFileType = sourcecode.c.objc; path = AppDelegate.m; sourceTree = "<group>"; };
		F8B4197218F7B21100EA8277 /* Base */ = {isa = PBXFileReference; lastKnownFileType = file.storyboard; name = Base; path = Base.lproj/Main.storyboard; sourceTree = "<group>"; };
		F8B4197418F7B21100EA8277 /* ViewController.h */ = {isa = PBXFileReference; lastKnownFileType = sourcecode.c.h; path = ViewController.h; sourceTree = "<group>"; };
		F8B4197518F7B21100EA8277 /* ViewController.m */ = {isa = PBXFileReference; lastKnownFileType = sourcecode.c.objc; path = ViewController.m; sourceTree = "<group>"; };
		F8B4197718F7B21100EA8277 /* Images.xcassets */ = {isa = PBXFileReference; lastKnownFileType = folder.assetcatalog; path = Images.xcassets; sourceTree = "<group>"; };
		F8B4197D18F7B21100EA8277 /* sidePanelTests.xctest */ = {isa = PBXFileReference; explicitFileType = wrapper.cfbundle; includeInIndex = 0; path = sidePanelTests.xctest; sourceTree = BUILT_PRODUCTS_DIR; };
		F8B4197E18F7B21100EA8277 /* XCTest.framework */ = {isa = PBXFileReference; lastKnownFileType = wrapper.framework; name = XCTest.framework; path = Library/Frameworks/XCTest.framework; sourceTree = DEVELOPER_DIR; };
		F8B4198618F7B21100EA8277 /* sidePanelTests-Info.plist */ = {isa = PBXFileReference; lastKnownFileType = text.plist.xml; path = "sidePanelTests-Info.plist"; sourceTree = "<group>"; };
		F8B4198818F7B21100EA8277 /* en */ = {isa = PBXFileReference; lastKnownFileType = text.plist.strings; name = en; path = en.lproj/InfoPlist.strings; sourceTree = "<group>"; };
		F8B4198A18F7B21100EA8277 /* sidePanelTests.m */ = {isa = PBXFileReference; lastKnownFileType = sourcecode.c.objc; path = sidePanelTests.m; sourceTree = "<group>"; };
/* End PBXFileReference section */

/* Begin PBXFrameworksBuildPhase section */
		F8B4195918F7B21100EA8277 /* Frameworks */ = {
			isa = PBXFrameworksBuildPhase;
			buildActionMask = 2147483647;
			files = (
				F8B4196218F7B21100EA8277 /* CoreGraphics.framework in Frameworks */,
				F8B4196418F7B21100EA8277 /* UIKit.framework in Frameworks */,
				F8B4196018F7B21100EA8277 /* Foundation.framework in Frameworks */,
			);
			runOnlyForDeploymentPostprocessing = 0;
		};
		F8B4197A18F7B21100EA8277 /* Frameworks */ = {
			isa = PBXFrameworksBuildPhase;
			buildActionMask = 2147483647;
			files = (
				F8B4197F18F7B21100EA8277 /* XCTest.framework in Frameworks */,
				F8B4198118F7B21100EA8277 /* UIKit.framework in Frameworks */,
				F8B4198018F7B21100EA8277 /* Foundation.framework in Frameworks */,
			);
			runOnlyForDeploymentPostprocessing = 0;
		};
/* End PBXFrameworksBuildPhase section */

/* Begin PBXGroup section */
		F8B4195318F7B21100EA8277 = {
			isa = PBXGroup;
			children = (
				F8B4196518F7B21100EA8277 /* sidePanel */,
				F8B4198418F7B21100EA8277 /* sidePanelTests */,
				F8B4195E18F7B21100EA8277 /* Frameworks */,
				F8B4195D18F7B21100EA8277 /* Products */,
			);
			sourceTree = "<group>";
		};
		F8B4195D18F7B21100EA8277 /* Products */ = {
			isa = PBXGroup;
			children = (
				F8B4195C18F7B21100EA8277 /* sidePanel.app */,
				F8B4197D18F7B21100EA8277 /* sidePanelTests.xctest */,
			);
			name = Products;
			sourceTree = "<group>";
		};
		F8B4195E18F7B21100EA8277 /* Frameworks */ = {
			isa = PBXGroup;
			children = (
				F8B4195F18F7B21100EA8277 /* Foundation.framework */,
				F8B4196118F7B21100EA8277 /* CoreGraphics.framework */,
				F8B4196318F7B21100EA8277 /* UIKit.framework */,
				F8B4197E18F7B21100EA8277 /* XCTest.framework */,
			);
			name = Frameworks;
			sourceTree = "<group>";
		};
		F8B4196518F7B21100EA8277 /* sidePanel */ = {
			isa = PBXGroup;
			children = (
				F8B4196E18F7B21100EA8277 /* AppDelegate.h */,
				F8B4196F18F7B21100EA8277 /* AppDelegate.m */,
				F8B4197118F7B21100EA8277 /* Main.storyboard */,
				F8B4197418F7B21100EA8277 /* ViewController.h */,
				F8B4197518F7B21100EA8277 /* ViewController.m */,
				F8B4197718F7B21100EA8277 /* Images.xcassets */,
				F8B4196618F7B21100EA8277 /* Supporting Files */,
			);
			path = sidePanel;
			sourceTree = "<group>";
		};
		F8B4196618F7B21100EA8277 /* Supporting Files */ = {
			isa = PBXGroup;
			children = (
				F8B4196718F7B21100EA8277 /* sidePanel-Info.plist */,
				F8B4196818F7B21100EA8277 /* InfoPlist.strings */,
				F8B4196B18F7B21100EA8277 /* main.m */,
				F8B4196D18F7B21100EA8277 /* sidePanel-Prefix.pch */,
			);
			name = "Supporting Files";
			sourceTree = "<group>";
		};
		F8B4198418F7B21100EA8277 /* sidePanelTests */ = {
			isa = PBXGroup;
			children = (
				F8B4198A18F7B21100EA8277 /* sidePanelTests.m */,
				F8B4198518F7B21100EA8277 /* Supporting Files */,
			);
			path = sidePanelTests;
			sourceTree = "<group>";
		};
		F8B4198518F7B21100EA8277 /* Supporting Files */ = {
			isa = PBXGroup;
			children = (
				F8B4198618F7B21100EA8277 /* sidePanelTests-Info.plist */,
				F8B4198718F7B21100EA8277 /* InfoPlist.strings */,
			);
			name = "Supporting Files";
			sourceTree = "<group>";
		};
/* End PBXGroup section */

/* Begin PBXNativeTarget section */
		F8B4195B18F7B21100EA8277 /* sidePanel */ = {
			isa = PBXNativeTarget;
			buildConfigurationList = F8B4198E18F7B21100EA8277 /* Build configuration list for PBXNativeTarget "sidePanel" */;
			buildPhases = (
				F8B4195818F7B21100EA8277 /* Sources */,
				F8B4195918F7B21100EA8277 /* Frameworks */,
				F8B4195A18F7B21100EA8277 /* Resources */,
			);
			buildRules = (
			);
			dependencies = (
			);
			name = sidePanel;
			productName = sidePanel;
			productReference = F8B4195C18F7B21100EA8277 /* sidePanel.app */;
			productType = "com.apple.product-type.application";
		};
		F8B4197C18F7B21100EA8277 /* sidePanelTests */ = {
			isa = PBXNativeTarget;
			buildConfigurationList = F8B4199118F7B21100EA8277 /* Build configuration list for PBXNativeTarget "sidePanelTests" */;
			buildPhases = (
				F8B4197918F7B21100EA8277 /* Sources */,
				F8B4197A18F7B21100EA8277 /* Frameworks */,
				F8B4197B18F7B21100EA8277 /* Resources */,
			);
			buildRules = (
			);
			dependencies = (
				F8B4198318F7B21100EA8277 /* PBXTargetDependency */,
			);
			name = sidePanelTests;
			productName = sidePanelTests;
			productReference = F8B4197D18F7B21100EA8277 /* sidePanelTests.xctest */;
			productType = "com.apple.product-type.bundle.unit-test";
		};
/* End PBXNativeTarget section */

/* Begin PBXProject section */
		F8B4195418F7B21100EA8277 /* Project object */ = {
			isa = PBXProject;
			attributes = {
				LastUpgradeCheck = 0510;
				ORGANIZATIONNAME = "孝則 吉野";
				TargetAttributes = {
					F8B4197C18F7B21100EA8277 = {
						TestTargetID = F8B4195B18F7B21100EA8277;
					};
				};
			};
			buildConfigurationList = F8B4195718F7B21100EA8277 /* Build configuration list for PBXProject "sidePanel" */;
			compatibilityVersion = "Xcode 3.2";
			developmentRegion = English;
			hasScannedForEncodings = 0;
			knownRegions = (
				en,
				Base,
			);
			mainGroup = F8B4195318F7B21100EA8277;
			productRefGroup = F8B4195D18F7B21100EA8277 /* Products */;
			projectDirPath = "";
			projectRoot = "";
			targets = (
				F8B4195B18F7B21100EA8277 /* sidePanel */,
				F8B4197C18F7B21100EA8277 /* sidePanelTests */,
			);
		};
/* End PBXProject section */

/* Begin PBXResourcesBuildPhase section */
		F8B4195A18F7B21100EA8277 /* Resources */ = {
			isa = PBXResourcesBuildPhase;
			buildActionMask = 2147483647;
			files = (
				F8B4197818F7B21100EA8277 /* Images.xcassets in Resources */,
				F8B4196A18F7B21100EA8277 /* InfoPlist.strings in Resources */,
				F8B4197318F7B21100EA8277 /* Main.storyboard in Resources */,
			);
			runOnlyForDeploymentPostprocessing = 0;
		};
		F8B4197B18F7B21100EA8277 /* Resources */ = {
			isa = PBXResourcesBuildPhase;
			buildActionMask = 2147483647;
			files = (
				F8B4198918F7B21100EA8277 /* InfoPlist.strings in Resources */,
			);
			runOnlyForDeploymentPostprocessing = 0;
		};
/* End PBXResourcesBuildPhase section */

/* Begin PBXSourcesBuildPhase section */
		F8B4195818F7B21100EA8277 /* Sources */ = {
			isa = PBXSourcesBuildPhase;
			buildActionMask = 2147483647;
			files = (
				F8B4197618F7B21100EA8277 /* ViewController.m in Sources */,
				F8B4197018F7B21100EA8277 /* AppDelegate.m in Sources */,
				F8B4196C18F7B21100EA8277 /* main.m in Sources */,
			);
			runOnlyForDeploymentPostprocessing = 0;
		};
		F8B4197918F7B21100EA8277 /* Sources */ = {
			isa = PBXSourcesBuildPhase;
			buildActionMask = 2147483647;
			files = (
				F8B4198B18F7B21100EA8277 /* sidePanelTests.m in Sources */,
			);
			runOnlyForDeploymentPostprocessing = 0;
		};
/* End PBXSourcesBuildPhase section */

/* Begin PBXTargetDependency section */
		F8B4198318F7B21100EA8277 /* PBXTargetDependency */ = {
			isa = PBXTargetDependency;
			target = F8B4195B18F7B21100EA8277 /* sidePanel */;
			targetProxy = F8B4198218F7B21100EA8277 /* PBXContainerItemProxy */;
		};
/* End PBXTargetDependency section */

/* Begin PBXVariantGroup section */
		F8B4196818F7B21100EA8277 /* InfoPlist.strings */ = {
			isa = PBXVariantGroup;
			children = (
				F8B4196918F7B21100EA8277 /* en */,
			);
			name = InfoPlist.strings;
			sourceTree = "<group>";
		};
		F8B4197118F7B21100EA8277 /* Main.storyboard */ = {
			isa = PBXVariantGroup;
			children = (
				F8B4197218F7B21100EA8277 /* Base */,
			);
			name = Main.storyboard;
			sourceTree = "<group>";
		};
		F8B4198718F7B21100EA8277 /* InfoPlist.strings */ = {
			isa = PBXVariantGroup;
			children = (
				F8B4198818F7B21100EA8277 /* en */,
			);
			name = InfoPlist.strings;
			sourceTree = "<group>";
		};
/* End PBXVariantGroup section */

/* Begin XCBuildConfiguration section */
		F8B4198C18F7B21100EA8277 /* Debug */ = {
			isa = XCBuildConfiguration;
			buildSettings = {
				ALWAYS_SEARCH_USER_PATHS = NO;
				CLANG_CXX_LANGUAGE_STANDARD = "gnu++0x";
				CLANG_CXX_LIBRARY = "libc++";
				CLANG_ENABLE_MODULES = YES;
				CLANG_ENABLE_OBJC_ARC = YES;
				CLANG_WARN_BOOL_CONVERSION = YES;
				CLANG_WARN_CONSTANT_CONVERSION = YES;
				CLANG_WARN_DIRECT_OBJC_ISA_USAGE = YES_ERROR;
				CLANG_WARN_EMPTY_BODY = YES;
				CLANG_WARN_ENUM_CONVERSION = YES;
				CLANG_WARN_INT_CONVERSION = YES;
				CLANG_WARN_OBJC_ROOT_CLASS = YES_ERROR;
				CLANG_WARN__DUPLICATE_METHOD_MATCH = YES;
				"CODE_SIGN_IDENTITY[sdk=iphoneos*]" = "iPhone Developer";
				COPY_PHASE_STRIP = NO;
				GCC_C_LANGUAGE_STANDARD = gnu99;
				GCC_DYNAMIC_NO_PIC = NO;
				GCC_OPTIMIZATION_LEVEL = 0;
				GCC_PREPROCESSOR_DEFINITIONS = (
					"DEBUG=1",
					"$(inherited)",
				);
				GCC_SYMBOLS_PRIVATE_EXTERN = NO;
				GCC_WARN_64_TO_32_BIT_CONVERSION = YES;
				GCC_WARN_ABOUT_RETURN_TYPE = YES_ERROR;
				GCC_WARN_UNDECLARED_SELECTOR = YES;
				GCC_WARN_UNINITIALIZED_AUTOS = YES_AGGRESSIVE;
				GCC_WARN_UNUSED_FUNCTION = YES;
				GCC_WARN_UNUSED_VARIABLE = YES;
				IPHONEOS_DEPLOYMENT_TARGET = 7.1;
				ONLY_ACTIVE_ARCH = YES;
				SDKROOT = iphoneos;
			};
			name = Debug;
		};
		F8B4198D18F7B21100EA8277 /* Release */ = {
			isa = XCBuildConfiguration;
			buildSettings = {
				ALWAYS_SEARCH_USER_PATHS = NO;
				CLANG_CXX_LANGUAGE_STANDARD = "gnu++0x";
				CLANG_CXX_LIBRARY = "libc++";
				CLANG_ENABLE_MODULES = YES;
				CLANG_ENABLE_OBJC_ARC = YES;
				CLANG_WARN_BOOL_CONVERSION = YES;
				CLANG_WARN_CONSTANT_CONVERSION = YES;
				CLANG_WARN_DIRECT_OBJC_ISA_USAGE = YES_ERROR;
				CLANG_WARN_EMPTY_BODY = YES;
				CLANG_WARN_ENUM_CONVERSION = YES;
				CLANG_WARN_INT_CONVERSION = YES;
				CLANG_WARN_OBJC_ROOT_CLASS = YES_ERROR;
				CLANG_WARN__DUPLICATE_METHOD_MATCH = YES;
				"CODE_SIGN_IDENTITY[sdk=iphoneos*]" = "iPhone Developer";
				COPY_PHASE_STRIP = YES;
				ENABLE_NS_ASSERTIONS = NO;
				GCC_C_LANGUAGE_STANDARD = gnu99;
				GCC_WARN_64_TO_32_BIT_CONVERSION = YES;
				GCC_WARN_ABOUT_RETURN_TYPE = YES_ERROR;
				GCC_WARN_UNDECLARED_SELECTOR = YES;
				GCC_WARN_UNINITIALIZED_AUTOS = YES_AGGRESSIVE;
				GCC_WARN_UNUSED_FUNCTION = YES;
				GCC_WARN_UNUSED_VARIABLE = YES;
				IPHONEOS_DEPLOYMENT_TARGET = 7.1;
				SDKROOT = iphoneos;
				VALIDATE_PRODUCT = YES;
			};
			name = Release;
		};
		F8B4198F18F7B21100EA8277 /* Debug */ = {
			isa = XCBuildConfiguration;
			buildSettings = {
				ASSETCATALOG_COMPILER_APPICON_NAME = AppIcon;
				ASSETCATALOG_COMPILER_LAUNCHIMAGE_NAME = LaunchImage;
				GCC_PRECOMPILE_PREFIX_HEADER = YES;
				GCC_PREFIX_HEADER = "sidePanel/sidePanel-Prefix.pch";
				INFOPLIST_FILE = "sidePanel/sidePanel-Info.plist";
				PRODUCT_NAME = "$(TARGET_NAME)";
				WRAPPER_EXTENSION = app;
			};
			name = Debug;
		};
		F8B4199018F7B21100EA8277 /* Release */ = {
			isa = XCBuildConfiguration;
			buildSettings = {
				ASSETCATALOG_COMPILER_APPICON_NAME = AppIcon;
				ASSETCATALOG_COMPILER_LAUNCHIMAGE_NAME = LaunchImage;
				GCC_PRECOMPILE_PREFIX_HEADER = YES;
				GCC_PREFIX_HEADER = "sidePanel/sidePanel-Prefix.pch";
				INFOPLIST_FILE = "sidePanel/sidePanel-Info.plist";
				PRODUCT_NAME = "$(TARGET_NAME)";
				WRAPPER_EXTENSION = app;
			};
			name = Release;
		};
		F8B4199218F7B21100EA8277 /* Debug */ = {
			isa = XCBuildConfiguration;
			buildSettings = {
				BUNDLE_LOADER = "$(BUILT_PRODUCTS_DIR)/sidePanel.app/sidePanel";
				FRAMEWORK_SEARCH_PATHS = (
					"$(SDKROOT)/Developer/Library/Frameworks",
					"$(inherited)",
					"$(DEVELOPER_FRAMEWORKS_DIR)",
				);
				GCC_PRECOMPILE_PREFIX_HEADER = YES;
				GCC_PREFIX_HEADER = "sidePanel/sidePanel-Prefix.pch";
				GCC_PREPROCESSOR_DEFINITIONS = (
					"DEBUG=1",
					"$(inherited)",
				);
				INFOPLIST_FILE = "sidePanelTests/sidePanelTests-Info.plist";
				PRODUCT_NAME = "$(TARGET_NAME)";
				TEST_HOST = "$(BUNDLE_LOADER)";
				WRAPPER_EXTENSION = xctest;
			};
			name = Debug;
		};
		F8B4199318F7B21100EA8277 /* Release */ = {
			isa = XCBuildConfiguration;
			buildSettings = {
				BUNDLE_LOADER = "$(BUILT_PRODUCTS_DIR)/sidePanel.app/sidePanel";
				FRAMEWORK_SEARCH_PATHS = (
					"$(SDKROOT)/Developer/Library/Frameworks",
					"$(inherited)",
					"$(DEVELOPER_FRAMEWORKS_DIR)",
				);
				GCC_PRECOMPILE_PREFIX_HEADER = YES;
				GCC_PREFIX_HEADER = "sidePanel/sidePanel-Prefix.pch";
				INFOPLIST_FILE = "sidePanelTests/sidePanelTests-Info.plist";
				PRODUCT_NAME = "$(TARGET_NAME)";
				TEST_HOST = "$(BUNDLE_LOADER)";
				WRAPPER_EXTENSION = xctest;
			};
			name = Release;
		};
/* End XCBuildConfiguration section */

/* Begin XCConfigurationList section */
		F8B4195718F7B21100EA8277 /* Build configuration list for PBXProject "sidePanel" */ = {
			isa = XCConfigurationList;
			buildConfigurations = (
				F8B4198C18F7B21100EA8277 /* Debug */,
				F8B4198D18F7B21100EA8277 /* Release */,
			);
			defaultConfigurationIsVisible = 0;
			defaultConfigurationName = Release;
		};
		F8B4198E18F7B21100EA8277 /* Build configuration list for PBXNativeTarget "sidePanel" */ = {
			isa = XCConfigurationList;
			buildConfigurations = (
				F8B4198F18F7B21100EA8277 /* Debug */,
				F8B4199018F7B21100EA8277 /* Release */,
			);
			defaultConfigurationIsVisible = 0;
		};
		F8B4199118F7B21100EA8277 /* Build configuration list for PBXNativeTarget "sidePanelTests" */ = {
			isa = XCConfigurationList;
			buildConfigurations = (
				F8B4199218F7B21100EA8277 /* Debug */,
				F8B4199318F7B21100EA8277 /* Release */,
			);
			defaultConfigurationIsVisible = 0;
		};
/* End XCConfigurationList section */
	};
	rootObject = F8B4195418F7B21100EA8277 /* Project object */;
}
